{
  "name": "identity-skill",
  "version": "0.1.0",
  "lockfileVersion": 3,
  "requires": true,
  "packages": {
    "": {
      "name": "identity-skill",
      "version": "0.1.0",
      "hasInstallScript": true,
      "dependencies": {
        "identity-node-client": "file:../../identity-node-client"
      }
    },
    "../../identity-node-client": {
      "version": "0.1.0",
      "dependencies": {
        "@noble/ed25519": "^2.1.0"
      },
      "devDependencies": {
        "@types/node": "^22.10.2",
        "typescript": "^5.7.0"
      }
    },
    "node_modules/identity-node-client": {
      "resolved": "../../identity-node-client",
      "link": true
    }
  }
}
